<?xml version="1.0" encoding="utf-8"?>
<Project ToolsVersion="4.0" xmlns="http://schemas.microsoft.com/developer/msbuild/2003">
  <ItemGroup>
    <Filter Include="skse64">
      <UniqueIdentifier>{60e8ed0b-62eb-4672-8901-78cf960e6e9e}</UniqueIdentifier>
    </Filter>
    <Filter Include="skse64\api">
      <UniqueIdentifier>{99708c83-630f-41db-8300-17f88fbb4480}</UniqueIdentifier>
    </Filter>
    <Filter Include="skse64\scaleform">
      <UniqueIdentifier>{b2357473-11e5-4b8e-b899-1f63b238421e}</UniqueIdentifier>
    </Filter>
    <Filter Include="skse64\SKSE64 Dependencies">
      <UniqueIdentifier>{59e36af9-55c6-4906-99b1-7fba6d5ce0a5}</UniqueIdentifier>
    </Filter>
  </ItemGroup>
  <ItemGroup>
    <ClCompile Include="..\skse64\GameAPI.cpp">
      <Filter>skse64\api</Filter>
    </ClCompile>
    <ClCompile Include="..\skse64\ScaleformAPI.cpp">
      <Filter>skse64\scaleform</Filter>
    </ClCompile>
    <ClCompile Include="..\skse64\ScaleformCallbacks.cpp">
      <Filter>skse64\scaleform</Filter>
    </ClCompile>
    <ClCompile Include="..\skse64\Colors.cpp">
      <Filter>skse64\SKSE64 Dependencies</Filter>
    </ClCompile>
    <ClCompile Include="..\skse64\GameCamera.cpp">
      <Filter>skse64\SKSE64 Dependencies</Filter>
    </ClCompile>
    <ClCompile Include="..\skse64\GameData.cpp">
      <Filter>skse64\SKSE64 Dependencies</Filter>
    </ClCompile>
    <ClCompile Include="..\skse64\GameEvents.cpp">
      <Filter>skse64\SKSE64 Dependencies</Filter>
    </ClCompile>
    <ClCompile Include="..\skse64\GameExtraData.cpp">
      <Filter>skse64\SKSE64 Dependencies</Filter>
    </ClCompile>
    <ClCompile Include="..\skse64\GameFormComponents.cpp">
      <Filter>skse64\SKSE64 Dependencies</Filter>
    </ClCompile>
    <ClCompile Include="..\skse64\GameForms.cpp">
      <Filter>skse64\SKSE64 Dependencies</Filter>
    </ClCompile>
    <ClCompile Include="..\skse64\GameHandlers.cpp">
      <Filter>skse64\SKSE64 Dependencies</Filter>
    </ClCompile>
    <ClCompile Include="..\skse64\GameInput.cpp">
      <Filter>skse64\SKSE64 Dependencies</Filter>
    </ClCompile>
    <ClCompile Include="..\skse64\GameMenus.cpp">
      <Filter>skse64\SKSE64 Dependencies</Filter>
    </ClCompile>
    <ClCompile Include="..\skse64\GameObjects.cpp">
      <Filter>skse64\SKSE64 Dependencies</Filter>
    </ClCompile>
    <ClCompile Include="..\skse64\GamePathing.cpp">
      <Filter>skse64\SKSE64 Dependencies</Filter>
    </ClCompile>
    <ClCompile Include="..\skse64\GameReferences.cpp">
      <Filter>skse64\SKSE64 Dependencies</Filter>
    </ClCompile>
    <ClCompile Include="..\skse64\GameResources.cpp">
      <Filter>skse64\SKSE64 Dependencies</Filter>
    </ClCompile>
    <ClCompile Include="..\skse64\GameRTTI.cpp">
      <Filter>skse64\SKSE64 Dependencies</Filter>
    </ClCompile>
    <ClCompile Include="..\skse64\GameSettings.cpp">
      <Filter>skse64\SKSE64 Dependencies</Filter>
    </ClCompile>
    <ClCompile Include="..\skse64\GameStreams.cpp">
      <Filter>skse64\SKSE64 Dependencies</Filter>
    </ClCompile>
    <ClCompile Include="..\skse64\GameTypes.cpp">
      <Filter>skse64\SKSE64 Dependencies</Filter>
    </ClCompile>
    <ClCompile Include="..\skse64\GlobalLocks.cpp">
      <Filter>skse64\SKSE64 Dependencies</Filter>
    </ClCompile>
    <ClCompile Include="..\skse64\HashUtil.cpp">
      <Filter>skse64\SKSE64 Dependencies</Filter>
    </ClCompile>
    <ClCompile Include="..\skse64\InputMap.cpp">
      <Filter>skse64\SKSE64 Dependencies</Filter>
    </ClCompile>
    <ClCompile Include="..\skse64\NiControllers.cpp">
      <Filter>skse64\SKSE64 Dependencies</Filter>
    </ClCompile>
    <ClCompile Include="..\skse64\NiExtraData.cpp">
      <Filter>skse64\SKSE64 Dependencies</Filter>
    </ClCompile>
    <ClCompile Include="..\skse64\NiGeometry.cpp">
      <Filter>skse64\SKSE64 Dependencies</Filter>
    </ClCompile>
    <ClCompile Include="..\skse64\NiInterpolators.cpp">
      <Filter>skse64\SKSE64 Dependencies</Filter>
    </ClCompile>
    <ClCompile Include="..\skse64\NiMaterial.cpp">
      <Filter>skse64\SKSE64 Dependencies</Filter>
    </ClCompile>
    <ClCompile Include="..\skse64\NiNodes.cpp">
      <Filter>skse64\SKSE64 Dependencies</Filter>
    </ClCompile>
    <ClCompile Include="..\skse64\NiObjects.cpp">
      <Filter>skse64\SKSE64 Dependencies</Filter>
    </ClCompile>
    <ClCompile Include="..\skse64\NiProperties.cpp">
      <Filter>skse64\SKSE64 Dependencies</Filter>
    </ClCompile>
    <ClCompile Include="..\skse64\NiRenderer.cpp">
      <Filter>skse64\SKSE64 Dependencies</Filter>
    </ClCompile>
    <ClCompile Include="..\skse64\NiRTTI.cpp">
      <Filter>skse64\SKSE64 Dependencies</Filter>
    </ClCompile>
    <ClCompile Include="..\skse64\NiSerialization.cpp">
      <Filter>skse64\SKSE64 Dependencies</Filter>
    </ClCompile>
    <ClCompile Include="..\skse64\NiTextures.cpp">
      <Filter>skse64\SKSE64 Dependencies</Filter>
    </ClCompile>
    <ClCompile Include="..\skse64\NiTypes.cpp">
      <Filter>skse64\SKSE64 Dependencies</Filter>
    </ClCompile>
    <ClCompile Include="..\skse64\PapyrusActorBase.cpp">
      <Filter>skse64\SKSE64 Dependencies</Filter>
    </ClCompile>
    <ClCompile Include="..\skse64\PapyrusArgs.cpp">
      <Filter>skse64\SKSE64 Dependencies</Filter>
    </ClCompile>
    <ClCompile Include="..\skse64\PapyrusArmor.cpp">
      <Filter>skse64\SKSE64 Dependencies</Filter>
    </ClCompile>
    <ClCompile Include="..\skse64\PapyrusArmorAddon.cpp">
      <Filter>skse64\SKSE64 Dependencies</Filter>
    </ClCompile>
    <ClCompile Include="..\skse64\PapyrusBook.cpp">
      <Filter>skse64\SKSE64 Dependencies</Filter>
    </ClCompile>
    <ClCompile Include="..\skse64\PapyrusCell.cpp">
      <Filter>skse64\SKSE64 Dependencies</Filter>
    </ClCompile>
    <ClCompile Include="..\skse64\PapyrusClass.cpp">
      <Filter>skse64\SKSE64 Dependencies</Filter>
    </ClCompile>
    <ClCompile Include="..\skse64\PapyrusColorForm.cpp">
      <Filter>skse64\SKSE64 Dependencies</Filter>
    </ClCompile>
    <ClCompile Include="..\skse64\PapyrusCombatStyle.cpp">
      <Filter>skse64\SKSE64 Dependencies</Filter>
    </ClCompile>
    <ClCompile Include="..\skse64\PapyrusConstructibleObject.cpp">
      <Filter>skse64\SKSE64 Dependencies</Filter>
    </ClCompile>
    <ClCompile Include="..\skse64\PapyrusEnchantment.cpp">
      <Filter>skse64\SKSE64 Dependencies</Filter>
    </ClCompile>
    <ClCompile Include="..\skse64\PapyrusEquipSlot.cpp">
      <Filter>skse64\SKSE64 Dependencies</Filter>
    </ClCompile>
    <ClCompile Include="..\skse64\PapyrusFlora.cpp">
      <Filter>skse64\SKSE64 Dependencies</Filter>
    </ClCompile>
    <ClCompile Include="..\skse64\PapyrusHeadPart.cpp">
      <Filter>skse64\SKSE64 Dependencies</Filter>
    </ClCompile>
    <ClCompile Include="..\skse64\PapyrusIngredient.cpp">
      <Filter>skse64\SKSE64 Dependencies</Filter>
    </ClCompile>
    <ClCompile Include="..\skse64\PapyrusKeyword.cpp">
      <Filter>skse64\SKSE64 Dependencies</Filter>
    </ClCompile>
    <ClCompile Include="..\skse64\PapyrusMath.cpp">
      <Filter>skse64\SKSE64 Dependencies</Filter>
    </ClCompile>
    <ClCompile Include="..\skse64\PapyrusMisc.cpp">
      <Filter>skse64\SKSE64 Dependencies</Filter>
    </ClCompile>
    <ClCompile Include="..\skse64\PapyrusNativeFunctions.cpp">
      <Filter>skse64\SKSE64 Dependencies</Filter>
    </ClCompile>
    <ClCompile Include="..\skse64\PapyrusObjectReference.cpp">
      <Filter>skse64\SKSE64 Dependencies</Filter>
    </ClCompile>
    <ClCompile Include="..\skse64\PapyrusPerk.cpp">
      <Filter>skse64\SKSE64 Dependencies</Filter>
    </ClCompile>
    <ClCompile Include="..\skse64\PapyrusPotion.cpp">
      <Filter>skse64\SKSE64 Dependencies</Filter>
    </ClCompile>
    <ClCompile Include="..\skse64\PapyrusQuest.cpp">
      <Filter>skse64\SKSE64 Dependencies</Filter>
    </ClCompile>
    <ClCompile Include="..\skse64\PapyrusRace.cpp">
      <Filter>skse64\SKSE64 Dependencies</Filter>
    </ClCompile>
    <ClCompile Include="..\skse64\PapyrusScroll.cpp">
      <Filter>skse64\SKSE64 Dependencies</Filter>
    </ClCompile>
    <ClCompile Include="..\skse64\PapyrusShout.cpp">
      <Filter>skse64\SKSE64 Dependencies</Filter>
    </ClCompile>
    <ClCompile Include="..\skse64\PapyrusSound.cpp">
      <Filter>skse64\SKSE64 Dependencies</Filter>
    </ClCompile>
    <ClCompile Include="..\skse64\PapyrusSoundDescriptor.cpp">
      <Filter>skse64\SKSE64 Dependencies</Filter>
    </ClCompile>
    <ClCompile Include="..\skse64\PapyrusSpell.cpp">
      <Filter>skse64\SKSE64 Dependencies</Filter>
    </ClCompile>
    <ClCompile Include="..\skse64\PapyrusStringUtil.cpp">
      <Filter>skse64\SKSE64 Dependencies</Filter>
    </ClCompile>
    <ClCompile Include="..\skse64\PapyrusTextureSet.cpp">
      <Filter>skse64\SKSE64 Dependencies</Filter>
    </ClCompile>
    <ClCompile Include="..\skse64\PapyrusUI.cpp">
      <Filter>skse64\SKSE64 Dependencies</Filter>
    </ClCompile>
    <ClCompile Include="..\skse64\PapyrusUtility.cpp">
      <Filter>skse64\SKSE64 Dependencies</Filter>
    </ClCompile>
    <ClCompile Include="..\skse64\PapyrusVM.cpp">
      <Filter>skse64\SKSE64 Dependencies</Filter>
    </ClCompile>
    <ClCompile Include="..\skse64\PapyrusWeapon.cpp">
      <Filter>skse64\SKSE64 Dependencies</Filter>
    </ClCompile>
    <ClCompile Include="..\skse64\PapyrusWeather.cpp">
      <Filter>skse64\SKSE64 Dependencies</Filter>
    </ClCompile>
    <ClCompile Include="..\skse64\ScaleformExtendedData.cpp">
      <Filter>skse64\SKSE64 Dependencies</Filter>
    </ClCompile>
    <ClCompile Include="..\skse64\ScaleformLoader.cpp">
      <Filter>skse64\SKSE64 Dependencies</Filter>
    </ClCompile>
    <ClCompile Include="..\skse64\ScaleformMovie.cpp">
      <Filter>skse64\SKSE64 Dependencies</Filter>
    </ClCompile>
    <ClCompile Include="..\skse64\ScaleformState.cpp">
      <Filter>skse64\SKSE64 Dependencies</Filter>
    </ClCompile>
    <ClCompile Include="..\skse64\ScaleformTypes.cpp">
      <Filter>skse64\SKSE64 Dependencies</Filter>
    </ClCompile>
    <ClCompile Include="..\skse64\ScaleformVM.cpp">
      <Filter>skse64\SKSE64 Dependencies</Filter>
    </ClCompile>
    <ClCompile Include="..\skse64\Translation.cpp">
      <Filter>skse64\SKSE64 Dependencies</Filter>
    </ClCompile>
    <ClCompile Include="AHZArmorInfo.cpp" />
    <ClCompile Include="AHZPlayerInfo.cpp" />
    <ClCompile Include="AHZScaleformHook.cpp" />
    <ClCompile Include="AHZWeaponInfo.cpp" />
    <ClCompile Include="main.cpp" />
    <ClCompile Include="..\skse64_common\SafeWrite.cpp" />
    <ClCompile Include="..\skse64_common\Utilities.cpp">
      <Filter>skse64\SKSE64 Dependencies</Filter>
    </ClCompile>
    <ClCompile Include="..\skse64_common\Relocation.cpp">
      <Filter>skse64\SKSE64 Dependencies</Filter>
    </ClCompile>
    <ClCompile Include="..\skse64\GameBSExtraData.cpp">
      <Filter>skse64\SKSE64 Dependencies</Filter>
    </ClCompile>
    <ClCompile Include="..\skse64_common\BranchTrampoline.cpp">
      <Filter>skse64\SKSE64 Dependencies</Filter>
    </ClCompile>
    <ClCompile Include="..\skse64\GameUtilities.cpp">
      <Filter>skse64\SKSE64 Dependencies</Filter>
    </ClCompile>
    <ClCompile Include="..\skse64\ScaleformValue.cpp">
      <Filter>skse64\scaleform</Filter>
    </ClCompile>
    <ClCompile Include="..\skse64\PapyrusWornObject.cpp">
      <Filter>skse64\SKSE64 Dependencies</Filter>
    </ClCompile>
    <ClCompile Include="..\skse64\CustomMenu.cpp">
      <Filter>skse64\SKSE64 Dependencies</Filter>
    </ClCompile>
    <ClCompile Include="..\skse64\NiAdditionalGeometryData.cpp">
      <Filter>skse64\SKSE64 Dependencies</Filter>
    </ClCompile>
    <ClCompile Include="..\skse64\NiAllocator.cpp">
      <Filter>skse64\SKSE64 Dependencies</Filter>
    </ClCompile>
    <ClCompile Include="..\skse64\NiLight.cpp">
      <Filter>skse64\SKSE64 Dependencies</Filter>
    </ClCompile>
    <ClCompile Include="..\skse64\ObScript.cpp">
      <Filter>skse64\SKSE64 Dependencies</Filter>
    </ClCompile>
    <ClCompile Include="..\skse64\PapyrusActorValueInfo.cpp">
      <Filter>skse64\SKSE64 Dependencies</Filter>
    </ClCompile>
    <ClCompile Include="..\skse64\PapyrusAmmo.cpp">
      <Filter>skse64\SKSE64 Dependencies</Filter>
    </ClCompile>
    <ClCompile Include="..\skse64\PapyrusArt.cpp">
      <Filter>skse64\SKSE64 Dependencies</Filter>
    </ClCompile>
    <ClCompile Include="..\skse64\PapyrusCamera.cpp">
      <Filter>skse64\SKSE64 Dependencies</Filter>
    </ClCompile>
    <ClCompile Include="..\skse64\PapyrusDefaultObjectManager.cpp">
      <Filter>skse64\SKSE64 Dependencies</Filter>
    </ClCompile>
    <ClCompile Include="..\skse64\PapyrusDelayFunctors.cpp">
      <Filter>skse64\SKSE64 Dependencies</Filter>
    </ClCompile>
    <ClCompile Include="..\skse64\PapyrusFaction.cpp">
      <Filter>skse64\SKSE64 Dependencies</Filter>
    </ClCompile>
    <ClCompile Include="..\skse64\PapyrusFormList.cpp">
      <Filter>skse64\SKSE64 Dependencies</Filter>
    </ClCompile>
    <ClCompile Include="..\skse64\PapyrusGameData.cpp">
      <Filter>skse64\SKSE64 Dependencies</Filter>
    </ClCompile>
    <ClCompile Include="..\skse64\PapyrusInterfaces.cpp">
      <Filter>skse64\SKSE64 Dependencies</Filter>
    </ClCompile>
    <ClCompile Include="..\skse64\PapyrusLeveledActor.cpp">
      <Filter>skse64\SKSE64 Dependencies</Filter>
    </ClCompile>
    <ClCompile Include="..\skse64\PapyrusLeveledItem.cpp">
      <Filter>skse64\SKSE64 Dependencies</Filter>
    </ClCompile>
    <ClCompile Include="..\skse64\PapyrusLeveledSpell.cpp">
      <Filter>skse64\SKSE64 Dependencies</Filter>
    </ClCompile>
    <ClCompile Include="..\skse64\PapyrusMagicEffect.cpp">
      <Filter>skse64\SKSE64 Dependencies</Filter>
    </ClCompile>
    <ClCompile Include="..\skse64\PapyrusObjects.cpp">
      <Filter>skse64\SKSE64 Dependencies</Filter>
    </ClCompile>
    <ClCompile Include="..\skse64\PapyrusReferenceAlias.cpp">
      <Filter>skse64\SKSE64 Dependencies</Filter>
    </ClCompile>
    <ClCompile Include="..\skse64\PapyrusSKSE.cpp">
      <Filter>skse64\SKSE64 Dependencies</Filter>
    </ClCompile>
    <ClCompile Include="..\skse64\PapyrusSpawnerTask.cpp">
      <Filter>skse64\SKSE64 Dependencies</Filter>
    </ClCompile>
    <ClCompile Include="..\skse64\PapyrusTree.cpp">
      <Filter>skse64\SKSE64 Dependencies</Filter>
    </ClCompile>
    <ClCompile Include="..\skse64\PapyrusUICallback.cpp">
      <Filter>skse64\SKSE64 Dependencies</Filter>
    </ClCompile>
    <ClCompile Include="..\skse64\PapyrusValue.cpp">
      <Filter>skse64\SKSE64 Dependencies</Filter>
    </ClCompile>
    <ClCompile Include="..\skse64\GameThreads.cpp">
      <Filter>skse64\SKSE64 Dependencies</Filter>
    </ClCompile>
    <ClCompile Include="..\skse64\Hooks_Camera.cpp">
      <Filter>skse64\SKSE64 Dependencies</Filter>
    </ClCompile>
    <ClCompile Include="..\skse64\Hooks_Data.cpp">
      <Filter>skse64\SKSE64 Dependencies</Filter>
    </ClCompile>
    <ClCompile Include="..\skse64\Hooks_Debug.cpp">
      <Filter>skse64\SKSE64 Dependencies</Filter>
    </ClCompile>
    <ClCompile Include="..\skse64\Hooks_Diagnostics.cpp">
      <Filter>skse64\SKSE64 Dependencies</Filter>
    </ClCompile>
    <ClCompile Include="..\skse64\Hooks_DirectInput8Create.cpp">
      <Filter>skse64\SKSE64 Dependencies</Filter>
    </ClCompile>
    <ClCompile Include="..\skse64\Hooks_Event.cpp">
      <Filter>skse64\SKSE64 Dependencies</Filter>
    </ClCompile>
    <ClCompile Include="..\skse64\Hooks_Gameplay.cpp">
      <Filter>skse64\SKSE64 Dependencies</Filter>
    </ClCompile>
    <ClCompile Include="..\skse64\Hooks_Handlers.cpp">
      <Filter>skse64\SKSE64 Dependencies</Filter>
    </ClCompile>
    <ClCompile Include="..\skse64\Hooks_Memory.cpp">
      <Filter>skse64\SKSE64 Dependencies</Filter>
    </ClCompile>
    <ClCompile Include="..\skse64\Hooks_NetImmerse.cpp">
      <Filter>skse64\SKSE64 Dependencies</Filter>
    </ClCompile>
    <ClCompile Include="..\skse64\Hooks_ObScript.cpp">
      <Filter>skse64\SKSE64 Dependencies</Filter>
    </ClCompile>
    <ClCompile Include="..\skse64\Hooks_Papyrus.cpp">
      <Filter>skse64\SKSE64 Dependencies</Filter>
    </ClCompile>
    <ClCompile Include="..\skse64\Hooks_SaveLoad.cpp">
      <Filter>skse64\SKSE64 Dependencies</Filter>
    </ClCompile>
    <ClCompile Include="..\skse64\Hooks_Scaleform.cpp">
      <Filter>skse64\SKSE64 Dependencies</Filter>
    </ClCompile>
    <ClCompile Include="..\skse64\Hooks_Threads.cpp">
      <Filter>skse64\SKSE64 Dependencies</Filter>
    </ClCompile>
    <ClCompile Include="..\skse64\Hooks_UI.cpp">
      <Filter>skse64\SKSE64 Dependencies</Filter>
    </ClCompile>
    <ClCompile Include="..\skse64\InternalSerialization.cpp">
      <Filter>skse64\SKSE64 Dependencies</Filter>
    </ClCompile>
    <ClCompile Include="..\skse64\PapyrusActiveMagicEffect.cpp">
      <Filter>skse64\SKSE64 Dependencies</Filter>
    </ClCompile>
    <ClCompile Include="..\skse64\PapyrusActor.cpp">
      <Filter>skse64\SKSE64 Dependencies</Filter>
    </ClCompile>
    <ClCompile Include="..\skse64\PapyrusAlias.cpp">
      <Filter>skse64\SKSE64 Dependencies</Filter>
    </ClCompile>
    <ClCompile Include="..\skse64\PapyrusEvents.cpp">
      <Filter>skse64\SKSE64 Dependencies</Filter>
    </ClCompile>
    <ClCompile Include="..\skse64\PapyrusForm.cpp">
      <Filter>skse64\SKSE64 Dependencies</Filter>
    </ClCompile>
    <ClCompile Include="..\skse64\PapyrusGame.cpp">
      <Filter>skse64\SKSE64 Dependencies</Filter>
    </ClCompile>
    <ClCompile Include="..\skse64\PapyrusInput.cpp">
      <Filter>skse64\SKSE64 Dependencies</Filter>
    </ClCompile>
    <ClCompile Include="..\skse64\PapyrusModEvent.cpp">
      <Filter>skse64\SKSE64 Dependencies</Filter>
    </ClCompile>
    <ClCompile Include="..\skse64\PapyrusNetImmerse.cpp">
      <Filter>skse64\SKSE64 Dependencies</Filter>
    </ClCompile>
    <ClCompile Include="..\skse64\PluginManager.cpp">
      <Filter>skse64\SKSE64 Dependencies</Filter>
    </ClCompile>
    <ClCompile Include="..\skse64\Serialization.cpp">
      <Filter>skse64\SKSE64 Dependencies</Filter>
    </ClCompile>
    <ClCompile Include="..\skse64\InternalTasks.cpp">
      <Filter>skse64\SKSE64 Dependencies</Filter>
    </ClCompile>
    <ClCompile Include="AHZConsole.cpp" />
    <ClCompile Include="AHZFormLookup.cpp" />
    <ClCompile Include="AHZScaleform.cpp" />
    <ClCompile Include="AHZUtilities.cpp" />
    <ClCompile Include="AHZLUTObject.cpp" />
    <ClCompile Include="AHZVanillaFormTable.cpp" />
    <ClCompile Include="AHZExternalFormTable.cpp" />
    <ClCompile Include="AHZActorInfo.cpp" />
  </ItemGroup>
  <ItemGroup>
    <ClInclude Include="..\skse64\GameAPI.h">
      <Filter>skse64\api</Filter>
    </ClInclude>
    <ClInclude Include="..\skse64\ScaleformAPI.h">
      <Filter>skse64\scaleform</Filter>
    </ClInclude>
    <ClInclude Include="..\skse64\ScaleformCallbacks.h">
      <Filter>skse64\scaleform</Filter>
    </ClInclude>
    <ClInclude Include="AHZArmorInfo.h" />
    <ClInclude Include="AHZPlayerInfo.h" />
    <ClInclude Include="AHZScaleformHook.h" />
    <ClInclude Include="AHZWeaponInfo.h" />
    <ClInclude Include="resource2.h" />
    <ClInclude Include="AHZConsole.h" />
    <ClInclude Include="AHZFormLookup.h" />
    <ClInclude Include="AHZScaleform.h" />
    <ClInclude Include="AHZUtilities.h" />
    <ClInclude Include="AHZLUTObject.h" />
    <ClInclude Include="AHZVanillaFormTable.h" />
    <ClInclude Include="AHZExternalFormTable.h" />
    <ClInclude Include="AHZActorInfo.h" />
  </ItemGroup>
  <ItemGroup>
    <None Include="exports.def" />
  </ItemGroup>
  <ItemGroup>
    <ResourceCompile Include="AHZmoreHUDPlugin.rc" />
  </ItemGroup>
</Project>