
Microsoft Visual Studio Solution File, Format Version 12.00
# Visual Studio Version 16
VisualStudioVersion = 16.0.30114.105
MinimumVisualStudioVersion = 10.0.40219.1
Project("{8BC9CEB8-8B4A-11D0-8D11-00A0C91BC942}") = "moreHUD", "moreHUD\moreHUD.vcxproj", "{A4D9A123-F9BB-4787-BAD7-37D373EB05CC}"
EndProject
Project("{8BC9CEB8-8B4A-11D0-8D11-00A0C91BC942}") = "CommonLibSSE", "CommonLibSSE\CommonLibSSE.vcxproj", "{3E4B6EF3-EC6E-46CF-9003-EEB57A258B82}"
EndProject
Global
	GlobalSection(SolutionConfigurationPlatforms) = preSolution
		Debug|x64 = Debug|x64
		Debug|x86 = Debug|x86
		Release|x64 = Release|x64
		Release|x86 = Release|x86
	EndGlobalSection
	GlobalSection(ProjectConfigurationPlatforms) = postSolution
		{A4D9A123-F9BB-4787-BAD7-37D373EB05CC}.Debug|x64.ActiveCfg = Debug|x64
		{A4D9A123-F9BB-4787-BAD7-37D373EB05CC}.Debug|x64.Build.0 = Debug|x64
		{A4D9A123-F9BB-4787-BAD7-37D373EB05CC}.Debug|x86.ActiveCfg = Debug|x64
		{A4D9A123-F9BB-4787-BAD7-37D373EB05CC}.Release|x64.ActiveCfg = Release|x64
		{A4D9A123-F9BB-4787-BAD7-37D373EB05CC}.Release|x64.Build.0 = Release|x64
		{A4D9A123-F9BB-4787-BAD7-37D373EB05CC}.Release|x86.ActiveCfg = Release|x64
		{3E4B6EF3-EC6E-46CF-9003-EEB57A258B82}.Debug|x64.ActiveCfg = Debug|x64
		{3E4B6EF3-EC6E-46CF-9003-EEB57A258B82}.Debug|x64.Build.0 = Debug|x64
		{3E4B6EF3-EC6E-46CF-9003-EEB57A258B82}.Debug|x86.ActiveCfg = Debug|Win32
		{3E4B6EF3-EC6E-46CF-9003-EEB57A258B82}.Debug|x86.Build.0 = Debug|Win32
		{3E4B6EF3-EC6E-46CF-9003-EEB57A258B82}.Release|x64.ActiveCfg = Release|x64
		{3E4B6EF3-EC6E-46CF-9003-EEB57A258B82}.Release|x64.Build.0 = Release|x64
		{3E4B6EF3-EC6E-46CF-9003-EEB57A258B82}.Release|x86.ActiveCfg = Release|Win32
		{3E4B6EF3-EC6E-46CF-9003-EEB57A258B82}.Release|x86.Build.0 = Release|Win32
	EndGlobalSection
	GlobalSection(SolutionProperties) = preSolution
		HideSolutionNode = FALSE
	EndGlobalSection
	GlobalSection(ExtensibilityGlobals) = postSolution
		SolutionGuid = {CB0D9791-C88D-4A4B-B031-6867CA40518C}
	EndGlobalSection
EndGlobal
