<?xml version="1.0" encoding="utf-8"?>
<Project ToolsVersion="4.0" xmlns="http://schemas.microsoft.com/developer/msbuild/2003">
  <ItemGroup>
    <ClCompile Include="src\main.cpp">
      <Filter>src</Filter>
    </ClCompile>
    <ClCompile Include="src\Patches.cpp">
      <Filter>src</Filter>
    </ClCompile>
    <ClCompile Include="src\Papyrus.cpp">
      <Filter>src</Filter>
    </ClCompile>
    <ClCompile Include="src\Events.cpp">
      <Filter>src</Filter>
    </ClCompile>
    <ClCompile Include="src\Scaleform.cpp">
      <Filter>src\Scaleform</Filter>
    </ClCompile>
    <ClCompile Include="src\PCH.cpp">
      <Filter>src</Filter>
    </ClCompile>
    <ClCompile Include="src\AHZConsole.cpp">
      <Filter>src</Filter>
    </ClCompile>
    <ClCompile Include="src\AHZActorInfo.cpp">
      <Filter>src</Filter>
    </ClCompile>
    <ClCompile Include="src\AHZArmorInfo.cpp">
      <Filter>src</Filter>
    </ClCompile>
    <ClCompile Include="src\AHZExternalFormTable.cpp">
      <Filter>src</Filter>
    </ClCompile>
    <ClCompile Include="src\AHZFormLookup.cpp">
      <Filter>src</Filter>
    </ClCompile>
    <ClCompile Include="src\AHZLUTObject.cpp">
      <Filter>src</Filter>
    </ClCompile>
    <ClCompile Include="src\AHZPapyrusMoreHud.cpp">
      <Filter>src</Filter>
    </ClCompile>
    <ClCompile Include="src\AHZPlayerInfo.cpp">
      <Filter>src</Filter>
    </ClCompile>
    <ClCompile Include="src\AHZScaleform.cpp">
      <Filter>src</Filter>
    </ClCompile>
    <ClCompile Include="src\AHZScaleformHook.cpp">
      <Filter>src</Filter>
    </ClCompile>
    <ClCompile Include="src\AHZUtilities.cpp">
      <Filter>src</Filter>
    </ClCompile>
    <ClCompile Include="src\AHZVanillaFormTable.cpp">
      <Filter>src</Filter>
    </ClCompile>
    <ClCompile Include="src\AHZWeaponInfo.cpp">
      <Filter>src</Filter>
    </ClCompile>
    <ClCompile Include="src\ActorValueList.cpp">
      <Filter>src\SKSE</Filter>
    </ClCompile>
    <ClCompile Include="src\HashUtil.cpp">
      <Filter>src\SKSE</Filter>
    </ClCompile>
    <ClCompile Include="src\AHZForEachScriptObjectFunctor.cpp">
      <Filter>src</Filter>
    </ClCompile>
    <ClCompile Include="src\IForEachScriptObjectFunctor.cpp">
      <Filter>src\RE\BSScript</Filter>
    </ClCompile>
  </ItemGroup>
  <ItemGroup>
    <ClInclude Include="include\version.h">
      <Filter>include</Filter>
    </ClInclude>
    <ClInclude Include="include\Patches.h">
      <Filter>include</Filter>
    </ClInclude>
    <ClInclude Include="include\Papyrus.h">
      <Filter>include</Filter>
    </ClInclude>
    <ClInclude Include="include\Events.h">
      <Filter>include</Filter>
    </ClInclude>
    <ClInclude Include="include\Scaleform.h">
      <Filter>include\Scaleform</Filter>
    </ClInclude>
    <ClInclude Include="resource.h" />
    <ClInclude Include="include\PCH.h">
      <Filter>include</Filter>
    </ClInclude>
    <ClInclude Include="include\AHZConsole.h">
      <Filter>include</Filter>
    </ClInclude>
    <ClInclude Include="include\Offsets.h">
      <Filter>include</Filter>
    </ClInclude>
    <ClInclude Include="include\AHZActorInfo.h">
      <Filter>include</Filter>
    </ClInclude>
    <ClInclude Include="include\AHZArmorInfo.h">
      <Filter>include</Filter>
    </ClInclude>
    <ClInclude Include="include\AHZExternalFormTable.h">
      <Filter>include</Filter>
    </ClInclude>
    <ClInclude Include="include\AHZFormLookup.h">
      <Filter>include</Filter>
    </ClInclude>
    <ClInclude Include="include\AHZLUTObject.h">
      <Filter>include</Filter>
    </ClInclude>
    <ClInclude Include="include\AHZPapyrusMoreHud.h">
      <Filter>include</Filter>
    </ClInclude>
    <ClInclude Include="include\AHZPlayerInfo.h">
      <Filter>include</Filter>
    </ClInclude>
    <ClInclude Include="include\AHZScaleform.h">
      <Filter>include</Filter>
    </ClInclude>
    <ClInclude Include="include\AHZScaleformHook.h">
      <Filter>include</Filter>
    </ClInclude>
    <ClInclude Include="include\AHZUtilities.h">
      <Filter>include</Filter>
    </ClInclude>
    <ClInclude Include="include\AHZVanillaFormTable.h">
      <Filter>include</Filter>
    </ClInclude>
    <ClInclude Include="include\AHZWeaponInfo.h">
      <Filter>include</Filter>
    </ClInclude>
    <ClInclude Include="include\ActorValueList.h">
      <Filter>include\SKSE</Filter>
    </ClInclude>
    <ClInclude Include="include\HashUtil.h">
      <Filter>include\SKSE</Filter>
    </ClInclude>
    <ClInclude Include="include\IForEachScriptObjectFunctor.h">
      <Filter>include\RE\BSScript</Filter>
    </ClInclude>
    <ClInclude Include="include\AHZForEachScriptObjectFunctor.h">
      <Filter>include</Filter>
    </ClInclude>
  </ItemGroup>
  <ItemGroup>
    <ResourceCompile Include="version.rc" />
  </ItemGroup>
  <ItemGroup>
    <None Include="exports.def" />
    <None Include=".clang-format" />
  </ItemGroup>
  <ItemGroup>
    <Filter Include="include">
      <UniqueIdentifier>{5b4753d0-a12a-45de-a25f-3da9c119def2}</UniqueIdentifier>
    </Filter>
    <Filter Include="src">
      <UniqueIdentifier>{238172b9-863c-48b4-aabe-a4f4950d1181}</UniqueIdentifier>
    </Filter>
    <Filter Include="include\Scaleform">
      <UniqueIdentifier>{3fe3a4c3-2fc2-47ba-80f2-a105d3e5e7a6}</UniqueIdentifier>
    </Filter>
    <Filter Include="src\Scaleform">
      <UniqueIdentifier>{af1484ec-a485-4a67-bdbc-f84aa954d608}</UniqueIdentifier>
    </Filter>
    <Filter Include="include\SKSE">
      <UniqueIdentifier>{63dab4b5-9ca4-4582-9fc4-ebff8cdacde1}</UniqueIdentifier>
    </Filter>
    <Filter Include="src\SKSE">
      <UniqueIdentifier>{f527845d-08f5-46d3-b82e-3512d896f592}</UniqueIdentifier>
    </Filter>
    <Filter Include="src\RE">
      <UniqueIdentifier>{63725543-c031-4012-850b-172a339c790c}</UniqueIdentifier>
    </Filter>
    <Filter Include="src\RE\BSScript">
      <UniqueIdentifier>{1253ac91-27df-479a-8ea7-511bdcabcbdb}</UniqueIdentifier>
    </Filter>
    <Filter Include="include\RE">
      <UniqueIdentifier>{789ee7f9-38c8-4574-b8ea-fdb98012287b}</UniqueIdentifier>
    </Filter>
    <Filter Include="include\RE\BSScript">
      <UniqueIdentifier>{0b46dd68-3382-492e-b7d5-e304d659ac13}</UniqueIdentifier>
    </Filter>
  </ItemGroup>
</Project>